
Microsoft Visual Studio Solution File, Format Version 12.00
# Visual Studio 2015
Project("{FAE04EC0-301F-11D3-BF4B-00C04F79EFBC}") = "Vacation 360.Plugins", "Vacation 360.Plugins.csproj", "{A9DC321C-C5FD-3D85-973A-54DED877B0A9}"
EndProject
Project("{FAE04EC0-301F-11D3-BF4B-00C04F79EFBC}") = "Vacation 360", "Vacation 360.csproj", "{541DADB9-87B7-2092-E234-A2C8E5CB994F}"
EndProject
Global
	GlobalSection(SolutionConfigurationPlatforms) = preSolution
		Debug|Any CPU = Debug|Any CPU
		Release|Any CPU = Release|Any CPU
	EndGlobalSection
	GlobalSection(ProjectConfigurationPlatforms) = postSolution
		{A9DC321C-C5FD-3D85-973A-54DED877B0A9}.Debug|Any CPU.ActiveCfg = Debug|Any CPU
		{A9DC321C-C5FD-3D85-973A-54DED877B0A9}.Debug|Any CPU.Build.0 = Debug|Any CPU
		{A9DC321C-C5FD-3D85-973A-54DED877B0A9}.Release|Any CPU.ActiveCfg = Release|Any CPU
		{A9DC321C-C5FD-3D85-973A-54DED877B0A9}.Release|Any CPU.Build.0 = Release|Any CPU
		{541DADB9-87B7-2092-E234-A2C8E5CB994F}.Debug|Any CPU.ActiveCfg = Debug|Any CPU
		{541DADB9-87B7-2092-E234-A2C8E5CB994F}.Debug|Any CPU.Build.0 = Debug|Any CPU
		{541DADB9-87B7-2092-E234-A2C8E5CB994F}.Release|Any CPU.ActiveCfg = Release|Any CPU
		{541DADB9-87B7-2092-E234-A2C8E5CB994F}.Release|Any CPU.Build.0 = Release|Any CPU
	EndGlobalSection
	GlobalSection(SolutionProperties) = preSolution
		HideSolutionNode = FALSE
	EndGlobalSection
EndGlobal
